{
  "R": {
    "Version": "4.2.3",
    "Repositories": [
      {
        "Name": "CRAN",
        "URL": "https://cran.ma.imperial.ac.uk"
      }
    ]
  },
  "Packages": {
    "BART": {
      "Package": "BART",
      "Version": "2.9.4",
      "Source": "Repository",
      "Repository": "CRAN",
      "Requirements": [
        "R",
        "Rcpp",
        "nlme",
        "nnet",
        "parallel",
        "survival",
        "tools"
      ],
      "Hash": "6a6047c0359531ca0ab0a42b96a3ada3"
    }
  }
}
